{
  "name": "zc-lm-app-front-end",
  "version": "1.0.0",
  "lockfileVersion": 2,
  "requires": true,
  "packages": {
    "": {
      "name": "zc-lm-app-front-end",
      "version": "1.0.0",
      "license": "ISC",
      "dependencies": {
        "axios": "^0.25.0",
        "vant": "^3.4.3",
        "vuex": "^4.0.2"
      }
    },
    "node_modules/@popperjs/core": {
      "version": "2.11.2",
      "resolved": "https://registry.npmmirror.com/@popperjs/core/download/@popperjs/core-2.11.2.tgz",
      "integrity": "sha512-92FRmppjjqz29VMJ2dn+xdyXZBrMlE42AV6Kq6BwjWV7CNUW1hs2FtxSNLQE+gJhaZ6AAmYuO9y8dshhcBl7vA=="
    },
    "node_modules/@vant/icons": {
      "version": "1.7.3",
      "resolved": "https://registry.npmmirror.com/@vant/icons/download/@vant/icons-1.7.3.tgz",
      "integrity": "sha512-tW4EqzxN4kXw1rnlnQJQHofEifPbt/gECOWiibomht8QLyvoGuE4iUmDFS288dJ07ZjuTy0bhdABj0SENo2fmQ=="
    },
    "node_modules/@vant/popperjs": {
      "version": "1.1.0",
      "resolved": "https://registry.nlark.com/@vant/popperjs/download/@vant/popperjs-1.1.0.tgz",
      "integrity": "sha1-tO3uW7+m+xhwWYbjE9T9XxeUKg8=",
      "dependencies": {
        "@popperjs/core": "^2.9.2"
      }
    },
    "node_modules/@vant/use": {
      "version": "1.3.5",
      "resolved": "https://registry.npmmirror.com/@vant/use/download/@vant/use-1.3.5.tgz",
      "integrity": "sha512-S4rfMQT+71quUbSY9sF7vJTEADVWqHxn8zUbpEl4vzI2CCJx67ri/ZHV911LpXIaZVgSSGPLE5xLV8javmbU0Q=="
    },
    "node_modules/@vue/devtools-api": {
      "version": "6.0.0-beta.21.1",
      "resolved": "https://registry.npmmirror.com/@vue/devtools-api/download/@vue/devtools-api-6.0.0-beta.21.1.tgz",
      "integrity": "sha512-FqC4s3pm35qGVeXRGOjTsRzlkJjrBLriDS9YXbflHLsfA9FrcKzIyWnLXoNm+/7930E8rRakXuAc2QkC50swAw=="
    },
    "node_modules/axios": {
      "version": "0.25.0",
      "resolved": "https://registry.npmmirror.com/axios/download/axios-0.25.0.tgz",
      "integrity": "sha512-cD8FOb0tRH3uuEe6+evtAbgJtfxr7ly3fQjYcMcuPlgkwVS9xboaVIpcDV+cYQe+yGykgwZCs1pzjntcGa6l5g==",
      "dependencies": {
        "follow-redirects": "^1.14.7"
      }
    },
    "node_modules/follow-redirects": {
      "version": "1.14.7",
      "resolved": "https://registry.npmmirror.com/follow-redirects/download/follow-redirects-1.14.7.tgz",
      "integrity": "sha512-+hbxoLbFMbRKDwohX8GkTataGqO6Jb7jGwpAlwgy2bIz25XtRm7KEzJM76R1WiNT5SwZkX4Y75SwBolkpmE7iQ==",
      "engines": {
        "node": ">=4.0"
      },
      "peerDependenciesMeta": {
        "debug": {
          "optional": true
        }
      }
    },
    "node_modules/vant": {
      "version": "3.4.3",
      "resolved": "https://registry.npmmirror.com/vant/download/vant-3.4.3.tgz",
      "integrity": "sha512-vkOgMspRxqhTwX6huPjEiWgTDULZZVVVv2IaAeyXq21heKIJazv2Nymolhzmk4Ar/ZFfoxC/yOeG7MhnhTbrew==",
      "dependencies": {
        "@vant/icons": "^1.7.1",
        "@vant/popperjs": "^1.1.0",
        "@vant/use": "^1.3.5"
      },
      "peerDependencies": {
        "vue": "^3.0.0"
      }
    },
    "node_modules/vuex": {
      "version": "4.0.2",
      "resolved": "https://registry.npmmirror.com/vuex/download/vuex-4.0.2.tgz",
      "integrity": "sha512-M6r8uxELjZIK8kTKDGgZTYX/ahzblnzC4isU1tpmEuOIIKmV+TRdc+H4s8ds2NuZ7wpUTdGRzJRtoj+lI+pc0Q==",
      "dependencies": {
        "@vue/devtools-api": "^6.0.0-beta.11"
      },
      "peerDependencies": {
        "vue": "^3.0.2"
      }
    }
  },
  "dependencies": {
    "@popperjs/core": {
      "version": "2.11.2",
      "resolved": "https://registry.npmmirror.com/@popperjs/core/download/@popperjs/core-2.11.2.tgz",
      "integrity": "sha512-92FRmppjjqz29VMJ2dn+xdyXZBrMlE42AV6Kq6BwjWV7CNUW1hs2FtxSNLQE+gJhaZ6AAmYuO9y8dshhcBl7vA=="
    },
    "@vant/icons": {
      "version": "1.7.3",
      "resolved": "https://registry.npmmirror.com/@vant/icons/download/@vant/icons-1.7.3.tgz",
      "integrity": "sha512-tW4EqzxN4kXw1rnlnQJQHofEifPbt/gECOWiibomht8QLyvoGuE4iUmDFS288dJ07ZjuTy0bhdABj0SENo2fmQ=="
    },
    "@vant/popperjs": {
      "version": "1.1.0",
      "resolved": "https://registry.nlark.com/@vant/popperjs/download/@vant/popperjs-1.1.0.tgz",
      "integrity": "sha1-tO3uW7+m+xhwWYbjE9T9XxeUKg8=",
      "requires": {
        "@popperjs/core": "^2.9.2"
      }
    },
    "@vant/use": {
      "version": "1.3.5",
      "resolved": "https://registry.npmmirror.com/@vant/use/download/@vant/use-1.3.5.tgz",
      "integrity": "sha512-S4rfMQT+71quUbSY9sF7vJTEADVWqHxn8zUbpEl4vzI2CCJx67ri/ZHV911LpXIaZVgSSGPLE5xLV8javmbU0Q=="
    },
    "@vue/devtools-api": {
      "version": "6.0.0-beta.21.1",
      "resolved": "https://registry.npmmirror.com/@vue/devtools-api/download/@vue/devtools-api-6.0.0-beta.21.1.tgz",
      "integrity": "sha512-FqC4s3pm35qGVeXRGOjTsRzlkJjrBLriDS9YXbflHLsfA9FrcKzIyWnLXoNm+/7930E8rRakXuAc2QkC50swAw=="
    },
    "axios": {
      "version": "0.25.0",
      "resolved": "https://registry.npmmirror.com/axios/download/axios-0.25.0.tgz",
      "integrity": "sha512-cD8FOb0tRH3uuEe6+evtAbgJtfxr7ly3fQjYcMcuPlgkwVS9xboaVIpcDV+cYQe+yGykgwZCs1pzjntcGa6l5g==",
      "requires": {
        "follow-redirects": "^1.14.7"
      }
    },
    "follow-redirects": {
      "version": "1.14.7",
      "resolved": "https://registry.npmmirror.com/follow-redirects/download/follow-redirects-1.14.7.tgz",
      "integrity": "sha512-+hbxoLbFMbRKDwohX8GkTataGqO6Jb7jGwpAlwgy2bIz25XtRm7KEzJM76R1WiNT5SwZkX4Y75SwBolkpmE7iQ=="
    },
    "vant": {
      "version": "3.4.3",
      "resolved": "https://registry.npmmirror.com/vant/download/vant-3.4.3.tgz",
      "integrity": "sha512-vkOgMspRxqhTwX6huPjEiWgTDULZZVVVv2IaAeyXq21heKIJazv2Nymolhzmk4Ar/ZFfoxC/yOeG7MhnhTbrew==",
      "requires": {
        "@vant/icons": "^1.7.1",
        "@vant/popperjs": "^1.1.0",
        "@vant/use": "^1.3.5"
      }
    },
    "vuex": {
      "version": "4.0.2",
      "resolved": "https://registry.npmmirror.com/vuex/download/vuex-4.0.2.tgz",
      "integrity": "sha512-M6r8uxELjZIK8kTKDGgZTYX/ahzblnzC4isU1tpmEuOIIKmV+TRdc+H4s8ds2NuZ7wpUTdGRzJRtoj+lI+pc0Q==",
      "requires": {
        "@vue/devtools-api": "^6.0.0-beta.11"
      }
    }
  }
}
